
Microsoft Visual Studio Solution File, Format Version 12.00
# Visual Studio Version 16
VisualStudioVersion = 16.0.29509.3
MinimumVisualStudioVersion = 10.0.40219.1
Project("{9A19103F-16F7-4668-BE54-9A1E7A4F7556}") = "Calcular-Intrinsic-Value", "Calcular-Intrinsic-Value.csproj", "{A1673E22-CD52-43AE-AA32-F3B5B9C97297}"
EndProject
Global
	GlobalSection(SolutionConfigurationPlatforms) = preSolution
		Debug|Any CPU = Debug|Any CPU
		Release|Any CPU = Release|Any CPU
	EndGlobalSection
	GlobalSection(ProjectConfigurationPlatforms) = postSolution
		{A1673E22-CD52-43AE-AA32-F3B5B9C97297}.Debug|Any CPU.ActiveCfg = Debug|Any CPU
		{A1673E22-CD52-43AE-AA32-F3B5B9C97297}.Debug|Any CPU.Build.0 = Debug|Any CPU
		{A1673E22-CD52-43AE-AA32-F3B5B9C97297}.Release|Any CPU.ActiveCfg = Release|Any CPU
		{A1673E22-CD52-43AE-AA32-F3B5B9C97297}.Release|Any CPU.Build.0 = Release|Any CPU
	EndGlobalSection
	GlobalSection(SolutionProperties) = preSolution
		HideSolutionNode = FALSE
	EndGlobalSection
	GlobalSection(ExtensibilityGlobals) = postSolution
		SolutionGuid = {412E8814-D26F-414C-8955-C8A8A6C7DDB8}
	EndGlobalSection
EndGlobal
